// !$*UTF8*$!
{
	archiveVersion = 1;
	classes = {
	};
	objectVersion = 46;
	objects = {

/* Begin PBXBuildFile section */
		849EC16C1C9955640046D53F /* UIImage+Extension.swift in Sources */ = {isa = PBXBuildFile; fileRef = 849EC16B1C9955640046D53F /* UIImage+Extension.swift */; settings = {ASSET_TAGS = (); }; };
		84B722921C7E94B4009F436B /* RECommonFunctions.m in Sources */ = {isa = PBXBuildFile; fileRef = 84B7228D1C7E94B4009F436B /* RECommonFunctions.m */; };
		84B722931C7E94B4009F436B /* RESideMenu.m in Sources */ = {isa = PBXBuildFile; fileRef = 84B7228F1C7E94B4009F436B /* RESideMenu.m */; };
		84B722941C7E94B4009F436B /* UIViewController+RESideMenu.m in Sources */ = {isa = PBXBuildFile; fileRef = 84B722911C7E94B4009F436B /* UIViewController+RESideMenu.m */; };
		84CA4B511C969C7F009766B9 /* customDatePickerView.swift in Sources */ = {isa = PBXBuildFile; fileRef = 84CA4B501C969C7F009766B9 /* customDatePickerView.swift */; settings = {ASSET_TAGS = (); }; };
		84DC5B0E1C96554F00D80529 /* NSDate+Extension.swift in Sources */ = {isa = PBXBuildFile; fileRef = 84DC5B0D1C96554F00D80529 /* NSDate+Extension.swift */; settings = {ASSET_TAGS = (); }; };
		84DD0AED1C770C1800661F52 /* FMDatabaseAdditionsVariadic.swift in Sources */ = {isa = PBXBuildFile; fileRef = 84DD0AEC1C770C1800661F52 /* FMDatabaseAdditionsVariadic.swift */; };
		84DDFCF41C755283003F077F /* libsqlite3.0.tbd in Frameworks */ = {isa = PBXBuildFile; fileRef = 84DDFCF31C755283003F077F /* libsqlite3.0.tbd */; };
		84DDFDAF1C75C039003F077F /* FMDatabase.m in Sources */ = {isa = PBXBuildFile; fileRef = 84DDFDA41C75C039003F077F /* FMDatabase.m */; };
		84DDFDB01C75C039003F077F /* FMDatabaseAdditions.m in Sources */ = {isa = PBXBuildFile; fileRef = 84DDFDA61C75C039003F077F /* FMDatabaseAdditions.m */; };
		84DDFDB11C75C039003F077F /* FMDatabasePool.m in Sources */ = {isa = PBXBuildFile; fileRef = 84DDFDA81C75C039003F077F /* FMDatabasePool.m */; };
		84DDFDB21C75C039003F077F /* FMDatabaseQueue.m in Sources */ = {isa = PBXBuildFile; fileRef = 84DDFDAA1C75C039003F077F /* FMDatabaseQueue.m */; };
		84DDFDB31C75C039003F077F /* FMResultSet.m in Sources */ = {isa = PBXBuildFile; fileRef = 84DDFDAD1C75C039003F077F /* FMResultSet.m */; };
		84DDFDB41C75C039003F077F /* Info.plist in Resources */ = {isa = PBXBuildFile; fileRef = 84DDFDAE1C75C039003F077F /* Info.plist */; };
		84DECF001C8EB9E500B80975 /* TypeBtnDB.swift in Sources */ = {isa = PBXBuildFile; fileRef = 84DECEFF1C8EB9E500B80975 /* TypeBtnDB.swift */; };
		84E411171C72A47700C4260E /* AppDelegate.swift in Sources */ = {isa = PBXBuildFile; fileRef = 84E411161C72A47700C4260E /* AppDelegate.swift */; };
		84E4111E1C72A47700C4260E /* Assets.xcassets in Resources */ = {isa = PBXBuildFile; fileRef = 84E4111D1C72A47700C4260E /* Assets.xcassets */; };
		84E411211C72A47700C4260E /* LaunchScreen.storyboard in Resources */ = {isa = PBXBuildFile; fileRef = 84E4111F1C72A47700C4260E /* LaunchScreen.storyboard */; };
		84E4112C1C72A47700C4260E /* KeepAccountsTests.swift in Sources */ = {isa = PBXBuildFile; fileRef = 84E4112B1C72A47700C4260E /* KeepAccountsTests.swift */; };
		84E411371C72A47700C4260E /* KeepAccountsUITests.swift in Sources */ = {isa = PBXBuildFile; fileRef = 84E411361C72A47700C4260E /* KeepAccountsUITests.swift */; };
		84E489861C9F99610024502E /* UIView+Extension.swift in Sources */ = {isa = PBXBuildFile; fileRef = 84E489851C9F99610024502E /* UIView+Extension.swift */; settings = {ASSET_TAGS = (); }; };
		84E5798F1C917BE90007295B /* SingleAccountVC.swift in Sources */ = {isa = PBXBuildFile; fileRef = 84E5798B1C917BE90007295B /* SingleAccountVC.swift */; settings = {ASSET_TAGS = (); }; };
		84E579901C917BE90007295B /* SingleAccountView.swift in Sources */ = {isa = PBXBuildFile; fileRef = 84E5798E1C917BE90007295B /* SingleAccountView.swift */; settings = {ASSET_TAGS = (); }; };
		84E579941C917D8C0007295B /* AccountCell.swift in Sources */ = {isa = PBXBuildFile; fileRef = 84E579921C917D8C0007295B /* AccountCell.swift */; settings = {ASSET_TAGS = (); }; };
		84E579951C917D8C0007295B /* AccountCell.xib in Resources */ = {isa = PBXBuildFile; fileRef = 84E579931C917D8C0007295B /* AccountCell.xib */; settings = {ASSET_TAGS = (); }; };
		84E5B1E91C979BE300BBE173 /* LimitInputVC.swift in Sources */ = {isa = PBXBuildFile; fileRef = 84E5B1E81C979BE300BBE173 /* LimitInputVC.swift */; settings = {ASSET_TAGS = (); }; };
		84E5B1EB1C979CC600BBE173 /* LimitInputView.swift in Sources */ = {isa = PBXBuildFile; fileRef = 84E5B1EA1C979CC600BBE173 /* LimitInputView.swift */; settings = {ASSET_TAGS = (); }; };
		84E612601C9249A500021495 /* IncomeAccountCell.swift in Sources */ = {isa = PBXBuildFile; fileRef = 84E6125E1C9249A500021495 /* IncomeAccountCell.swift */; settings = {ASSET_TAGS = (); }; };
		84E612611C9249A500021495 /* IncomeAccountCell.xib in Resources */ = {isa = PBXBuildFile; fileRef = 84E6125F1C9249A500021495 /* IncomeAccountCell.xib */; settings = {ASSET_TAGS = (); }; };
		84E612641C926A1700021495 /* AccountDataSource.swift in Sources */ = {isa = PBXBuildFile; fileRef = 84E612631C926A1700021495 /* AccountDataSource.swift */; settings = {ASSET_TAGS = (); }; };
		84FFE80A1C97E62C00A0CAAB /* String+Extension.swift in Sources */ = {isa = PBXBuildFile; fileRef = 84FFE8091C97E62C00A0CAAB /* String+Extension.swift */; settings = {ASSET_TAGS = (); }; };
		C417E5831C8B276F007875EF /* ChooseItemVC.swift in Sources */ = {isa = PBXBuildFile; fileRef = C417E57A1C8B276F007875EF /* ChooseItemVC.swift */; };
		C417E5841C8B276F007875EF /* ComputeBoardView.swift in Sources */ = {isa = PBXBuildFile; fileRef = C417E57F1C8B276F007875EF /* ComputeBoardView.swift */; };
		C417E5851C8B276F007875EF /* CostBarView.swift in Sources */ = {isa = PBXBuildFile; fileRef = C417E5801C8B276F007875EF /* CostBarView.swift */; };
		C417E5861C8B276F007875EF /* ItemBarView.swift in Sources */ = {isa = PBXBuildFile; fileRef = C417E5811C8B276F007875EF /* ItemBarView.swift */; };
		C417E5871C8B276F007875EF /* TopBarView.swift in Sources */ = {isa = PBXBuildFile; fileRef = C417E5821C8B276F007875EF /* TopBarView.swift */; };
		C498AC091C8F1183007286EE /* MainView.swift in Sources */ = {isa = PBXBuildFile; fileRef = C498AC071C8F1183007286EE /* MainView.swift */; };
		C498AC0A1C8F1183007286EE /* MainViewController.swift in Sources */ = {isa = PBXBuildFile; fileRef = C498AC081C8F1183007286EE /* MainViewController.swift */; };
		C4F8E49C1C8BBD30003C6A89 /* btnModel.swift in Sources */ = {isa = PBXBuildFile; fileRef = C4F8E49B1C8BBD30003C6A89 /* btnModel.swift */; };
		C4F8E4A11C8BC166003C6A89 /* NSString+Path.swift in Sources */ = {isa = PBXBuildFile; fileRef = C4F8E4A01C8BC166003C6A89 /* NSString+Path.swift */; };
		C4F8E4B61C8C1345003C6A89 /* AccountDB.swift in Sources */ = {isa = PBXBuildFile; fileRef = C4F8E4B51C8C1345003C6A89 /* AccountDB.swift */; };
/* End PBXBuildFile section */

/* Begin PBXContainerItemProxy section */
		84E411281C72A47700C4260E /* PBXContainerItemProxy */ = {
			isa = PBXContainerItemProxy;
			containerPortal = 84E4110B1C72A47700C4260E /* Project object */;
			proxyType = 1;
			remoteGlobalIDString = 84E411121C72A47700C4260E;
			remoteInfo = KeepAccounts;
		};
		84E411331C72A47700C4260E /* PBXContainerItemProxy */ = {
			isa = PBXContainerItemProxy;
			containerPortal = 84E4110B1C72A47700C4260E /* Project object */;
			proxyType = 1;
			remoteGlobalIDString = 84E411121C72A47700C4260E;
			remoteInfo = KeepAccounts;
		};
/* End PBXContainerItemProxy section */

/* Begin PBXFileReference section */
		849EC16B1C9955640046D53F /* UIImage+Extension.swift */ = {isa = PBXFileReference; fileEncoding = 4; lastKnownFileType = sourcecode.swift; path = "UIImage+Extension.swift"; sourceTree = "<group>"; };
		84B7228C1C7E94B4009F436B /* RECommonFunctions.h */ = {isa = PBXFileReference; fileEncoding = 4; lastKnownFileType = sourcecode.c.h; path = RECommonFunctions.h; sourceTree = "<group>"; };
		84B7228D1C7E94B4009F436B /* RECommonFunctions.m */ = {isa = PBXFileReference; fileEncoding = 4; lastKnownFileType = sourcecode.c.objc; path = RECommonFunctions.m; sourceTree = "<group>"; };
		84B7228E1C7E94B4009F436B /* RESideMenu.h */ = {isa = PBXFileReference; fileEncoding = 4; lastKnownFileType = sourcecode.c.h; path = RESideMenu.h; sourceTree = "<group>"; };
		84B7228F1C7E94B4009F436B /* RESideMenu.m */ = {isa = PBXFileReference; fileEncoding = 4; lastKnownFileType = sourcecode.c.objc; path = RESideMenu.m; sourceTree = "<group>"; };
		84B722901C7E94B4009F436B /* UIViewController+RESideMenu.h */ = {isa = PBXFileReference; fileEncoding = 4; lastKnownFileType = sourcecode.c.h; path = "UIViewController+RESideMenu.h"; sourceTree = "<group>"; };
		84B722911C7E94B4009F436B /* UIViewController+RESideMenu.m */ = {isa = PBXFileReference; fileEncoding = 4; lastKnownFileType = sourcecode.c.objc; path = "UIViewController+RESideMenu.m"; sourceTree = "<group>"; };
		84CA4B501C969C7F009766B9 /* customDatePickerView.swift */ = {isa = PBXFileReference; fileEncoding = 4; lastKnownFileType = sourcecode.swift; path = customDatePickerView.swift; sourceTree = "<group>"; };
		84DC5B0D1C96554F00D80529 /* NSDate+Extension.swift */ = {isa = PBXFileReference; fileEncoding = 4; lastKnownFileType = sourcecode.swift; path = "NSDate+Extension.swift"; sourceTree = "<group>"; };
		84DD0AEC1C770C1800661F52 /* FMDatabaseAdditionsVariadic.swift */ = {isa = PBXFileReference; fileEncoding = 4; lastKnownFileType = sourcecode.swift; path = FMDatabaseAdditionsVariadic.swift; sourceTree = "<group>"; };
		84DDFCF31C755283003F077F /* libsqlite3.0.tbd */ = {isa = PBXFileReference; lastKnownFileType = "sourcecode.text-based-dylib-definition"; name = libsqlite3.0.tbd; path = usr/lib/libsqlite3.0.tbd; sourceTree = SDKROOT; };
		84DDFDA31C75C039003F077F /* FMDatabase.h */ = {isa = PBXFileReference; fileEncoding = 4; lastKnownFileType = sourcecode.c.h; path = FMDatabase.h; sourceTree = "<group>"; };
		84DDFDA41C75C039003F077F /* FMDatabase.m */ = {isa = PBXFileReference; fileEncoding = 4; lastKnownFileType = sourcecode.c.objc; path = FMDatabase.m; sourceTree = "<group>"; };
		84DDFDA51C75C039003F077F /* FMDatabaseAdditions.h */ = {isa = PBXFileReference; fileEncoding = 4; lastKnownFileType = sourcecode.c.h; path = FMDatabaseAdditions.h; sourceTree = "<group>"; };
		84DDFDA61C75C039003F077F /* FMDatabaseAdditions.m */ = {isa = PBXFileReference; fileEncoding = 4; lastKnownFileType = sourcecode.c.objc; path = FMDatabaseAdditions.m; sourceTree = "<group>"; };
		84DDFDA71C75C039003F077F /* FMDatabasePool.h */ = {isa = PBXFileReference; fileEncoding = 4; lastKnownFileType = sourcecode.c.h; path = FMDatabasePool.h; sourceTree = "<group>"; };
		84DDFDA81C75C039003F077F /* FMDatabasePool.m */ = {isa = PBXFileReference; fileEncoding = 4; lastKnownFileType = sourcecode.c.objc; path = FMDatabasePool.m; sourceTree = "<group>"; };
		84DDFDA91C75C039003F077F /* FMDatabaseQueue.h */ = {isa = PBXFileReference; fileEncoding = 4; lastKnownFileType = sourcecode.c.h; path = FMDatabaseQueue.h; sourceTree = "<group>"; };
		84DDFDAA1C75C039003F077F /* FMDatabaseQueue.m */ = {isa = PBXFileReference; fileEncoding = 4; lastKnownFileType = sourcecode.c.objc; path = FMDatabaseQueue.m; sourceTree = "<group>"; };
		84DDFDAB1C75C039003F077F /* FMDB.h */ = {isa = PBXFileReference; fileEncoding = 4; lastKnownFileType = sourcecode.c.h; path = FMDB.h; sourceTree = "<group>"; };
		84DDFDAC1C75C039003F077F /* FMResultSet.h */ = {isa = PBXFileReference; fileEncoding = 4; lastKnownFileType = sourcecode.c.h; path = FMResultSet.h; sourceTree = "<group>"; };
		84DDFDAD1C75C039003F077F /* FMResultSet.m */ = {isa = PBXFileReference; fileEncoding = 4; lastKnownFileType = sourcecode.c.objc; path = FMResultSet.m; sourceTree = "<group>"; };
		84DDFDAE1C75C039003F077F /* Info.plist */ = {isa = PBXFileReference; fileEncoding = 4; lastKnownFileType = text.plist.xml; path = Info.plist; sourceTree = "<group>"; };
		84DDFDB61C75C0B1003F077F /* KeepAccounts-Bridging-Header.h */ = {isa = PBXFileReference; lastKnownFileType = sourcecode.c.h; path = "KeepAccounts-Bridging-Header.h"; sourceTree = "<group>"; };
		84DECEFF1C8EB9E500B80975 /* TypeBtnDB.swift */ = {isa = PBXFileReference; fileEncoding = 4; lastKnownFileType = sourcecode.swift; path = TypeBtnDB.swift; sourceTree = "<group>"; };
		84E411131C72A47700C4260E /* KeepAccounts.app */ = {isa = PBXFileReference; explicitFileType = wrapper.application; includeInIndex = 0; path = KeepAccounts.app; sourceTree = BUILT_PRODUCTS_DIR; };
		84E411161C72A47700C4260E /* AppDelegate.swift */ = {isa = PBXFileReference; lastKnownFileType = sourcecode.swift; path = AppDelegate.swift; sourceTree = "<group>"; };
		84E4111D1C72A47700C4260E /* Assets.xcassets */ = {isa = PBXFileReference; lastKnownFileType = folder.assetcatalog; path = Assets.xcassets; sourceTree = "<group>"; };
		84E411201C72A47700C4260E /* Base */ = {isa = PBXFileReference; lastKnownFileType = file.storyboard; name = Base; path = Base.lproj/LaunchScreen.storyboard; sourceTree = "<group>"; };
		84E411221C72A47700C4260E /* Info.plist */ = {isa = PBXFileReference; lastKnownFileType = text.plist.xml; path = Info.plist; sourceTree = "<group>"; };
		84E411271C72A47700C4260E /* KeepAccountsTests.xctest */ = {isa = PBXFileReference; explicitFileType = wrapper.cfbundle; includeInIndex = 0; path = KeepAccountsTests.xctest; sourceTree = BUILT_PRODUCTS_DIR; };
		84E4112B1C72A47700C4260E /* KeepAccountsTests.swift */ = {isa = PBXFileReference; lastKnownFileType = sourcecode.swift; path = KeepAccountsTests.swift; sourceTree = "<group>"; };
		84E4112D1C72A47700C4260E /* Info.plist */ = {isa = PBXFileReference; lastKnownFileType = text.plist.xml; path = Info.plist; sourceTree = "<group>"; };
		84E411321C72A47700C4260E /* KeepAccountsUITests.xctest */ = {isa = PBXFileReference; explicitFileType = wrapper.cfbundle; includeInIndex = 0; path = KeepAccountsUITests.xctest; sourceTree = BUILT_PRODUCTS_DIR; };
		84E411361C72A47700C4260E /* KeepAccountsUITests.swift */ = {isa = PBXFileReference; lastKnownFileType = sourcecode.swift; path = KeepAccountsUITests.swift; sourceTree = "<group>"; };
		84E411381C72A47700C4260E /* Info.plist */ = {isa = PBXFileReference; lastKnownFileType = text.plist.xml; path = Info.plist; sourceTree = "<group>"; };
		84E489851C9F99610024502E /* UIView+Extension.swift */ = {isa = PBXFileReference; fileEncoding = 4; lastKnownFileType = sourcecode.swift; path = "UIView+Extension.swift"; sourceTree = "<group>"; };
		84E5798B1C917BE90007295B /* SingleAccountVC.swift */ = {isa = PBXFileReference; fileEncoding = 4; lastKnownFileType = sourcecode.swift; path = SingleAccountVC.swift; sourceTree = "<group>"; };
		84E5798E1C917BE90007295B /* SingleAccountView.swift */ = {isa = PBXFileReference; fileEncoding = 4; lastKnownFileType = sourcecode.swift; path = SingleAccountView.swift; sourceTree = "<group>"; };
		84E579921C917D8C0007295B /* AccountCell.swift */ = {isa = PBXFileReference; fileEncoding = 4; lastKnownFileType = sourcecode.swift; path = AccountCell.swift; sourceTree = "<group>"; };
		84E579931C917D8C0007295B /* AccountCell.xib */ = {isa = PBXFileReference; fileEncoding = 4; lastKnownFileType = file.xib; path = AccountCell.xib; sourceTree = "<group>"; };
		84E5B1E81C979BE300BBE173 /* LimitInputVC.swift */ = {isa = PBXFileReference; fileEncoding = 4; lastKnownFileType = sourcecode.swift; path = LimitInputVC.swift; sourceTree = "<group>"; };
		84E5B1EA1C979CC600BBE173 /* LimitInputView.swift */ = {isa = PBXFileReference; fileEncoding = 4; lastKnownFileType = sourcecode.swift; path = LimitInputView.swift; sourceTree = "<group>"; };
		84E6125E1C9249A500021495 /* IncomeAccountCell.swift */ = {isa = PBXFileReference; fileEncoding = 4; lastKnownFileType = sourcecode.swift; path = IncomeAccountCell.swift; sourceTree = "<group>"; };
		84E6125F1C9249A500021495 /* IncomeAccountCell.xib */ = {isa = PBXFileReference; fileEncoding = 4; lastKnownFileType = file.xib; path = IncomeAccountCell.xib; sourceTree = "<group>"; };
		84E612631C926A1700021495 /* AccountDataSource.swift */ = {isa = PBXFileReference; fileEncoding = 4; lastKnownFileType = sourcecode.swift; path = AccountDataSource.swift; sourceTree = "<group>"; };
		84FFE8091C97E62C00A0CAAB /* String+Extension.swift */ = {isa = PBXFileReference; fileEncoding = 4; lastKnownFileType = sourcecode.swift; path = "String+Extension.swift"; sourceTree = "<group>"; };
		C417E57A1C8B276F007875EF /* ChooseItemVC.swift */ = {isa = PBXFileReference; fileEncoding = 4; lastKnownFileType = sourcecode.swift; path = ChooseItemVC.swift; sourceTree = "<group>"; };
		C417E57F1C8B276F007875EF /* ComputeBoardView.swift */ = {isa = PBXFileReference; fileEncoding = 4; lastKnownFileType = sourcecode.swift; path = ComputeBoardView.swift; sourceTree = "<group>"; };
		C417E5801C8B276F007875EF /* CostBarView.swift */ = {isa = PBXFileReference; fileEncoding = 4; lastKnownFileType = sourcecode.swift; path = CostBarView.swift; sourceTree = "<group>"; };
		C417E5811C8B276F007875EF /* ItemBarView.swift */ = {isa = PBXFileReference; fileEncoding = 4; lastKnownFileType = sourcecode.swift; path = ItemBarView.swift; sourceTree = "<group>"; };
		C417E5821C8B276F007875EF /* TopBarView.swift */ = {isa = PBXFileReference; fileEncoding = 4; lastKnownFileType = sourcecode.swift; path = TopBarView.swift; sourceTree = "<group>"; };
		C498AC071C8F1183007286EE /* MainView.swift */ = {isa = PBXFileReference; fileEncoding = 4; lastKnownFileType = sourcecode.swift; path = MainView.swift; sourceTree = "<group>"; };
		C498AC081C8F1183007286EE /* MainViewController.swift */ = {isa = PBXFileReference; fileEncoding = 4; lastKnownFileType = sourcecode.swift; path = MainViewController.swift; sourceTree = "<group>"; };
		C4F8E49B1C8BBD30003C6A89 /* btnModel.swift */ = {isa = PBXFileReference; fileEncoding = 4; lastKnownFileType = sourcecode.swift; path = btnModel.swift; sourceTree = "<group>"; };
		C4F8E4A01C8BC166003C6A89 /* NSString+Path.swift */ = {isa = PBXFileReference; fileEncoding = 4; lastKnownFileType = sourcecode.swift; path = "NSString+Path.swift"; sourceTree = "<group>"; };
		C4F8E4B51C8C1345003C6A89 /* AccountDB.swift */ = {isa = PBXFileReference; fileEncoding = 4; lastKnownFileType = sourcecode.swift; path = AccountDB.swift; sourceTree = "<group>"; };
/* End PBXFileReference section */

/* Begin PBXFrameworksBuildPhase section */
		84E411101C72A47700C4260E /* Frameworks */ = {
			isa = PBXFrameworksBuildPhase;
			buildActionMask = 2147483647;
			files = (
				84DDFCF41C755283003F077F /* libsqlite3.0.tbd in Frameworks */,
			);
			runOnlyForDeploymentPostprocessing = 0;
		};
		84E411241C72A47700C4260E /* Frameworks */ = {
			isa = PBXFrameworksBuildPhase;
			buildActionMask = 2147483647;
			files = (
			);
			runOnlyForDeploymentPostprocessing = 0;
		};
		84E4112F1C72A47700C4260E /* Frameworks */ = {
			isa = PBXFrameworksBuildPhase;
			buildActionMask = 2147483647;
			files = (
			);
			runOnlyForDeploymentPostprocessing = 0;
		};
/* End PBXFrameworksBuildPhase section */

/* Begin PBXGroup section */
		849EC16A1C99554F0046D53F /* UIImage+Extension */ = {
			isa = PBXGroup;
			children = (
				849EC16B1C9955640046D53F /* UIImage+Extension.swift */,
			);
			path = "UIImage+Extension";
			sourceTree = "<group>";
		};
		84B7228B1C7E94B4009F436B /* RESideMenu */ = {
			isa = PBXGroup;
			children = (
				84B7228C1C7E94B4009F436B /* RECommonFunctions.h */,
				84B7228D1C7E94B4009F436B /* RECommonFunctions.m */,
				84B7228E1C7E94B4009F436B /* RESideMenu.h */,
				84B7228F1C7E94B4009F436B /* RESideMenu.m */,
				84B722901C7E94B4009F436B /* UIViewController+RESideMenu.h */,
				84B722911C7E94B4009F436B /* UIViewController+RESideMenu.m */,
			);
			path = RESideMenu;
			sourceTree = "<group>";
		};
		84DC44371C75C2B00054E632 /* Support File */ = {
			isa = PBXGroup;
			children = (
				84E411161C72A47700C4260E /* AppDelegate.swift */,
				84E4111F1C72A47700C4260E /* LaunchScreen.storyboard */,
				84E411221C72A47700C4260E /* Info.plist */,
				84DDFDB61C75C0B1003F077F /* KeepAccounts-Bridging-Header.h */,
			);
			name = "Support File";
			sourceTree = "<group>";
		};
		84DC5B0C1C96550500D80529 /* DateManager */ = {
			isa = PBXGroup;
			children = (
				84DC5B0D1C96554F00D80529 /* NSDate+Extension.swift */,
			);
			path = DateManager;
			sourceTree = "<group>";
		};
		84DDF9D41C754D83003F077F /* KAMainController */ = {
			isa = PBXGroup;
			children = (
				84E5B1E51C979BD100BBE173 /* LimitInputVC */,
				84E579891C917BE90007295B /* SingleAccount */,
				C498AC061C8F1183007286EE /* MainViewController */,
				C4F8E4B41C8C12F9003C6A89 /* AccountModel */,
				C417E5781C8B276F007875EF /* CostList */,
			);
			path = KAMainController;
			sourceTree = "<group>";
		};
		84DDFCF51C7553F7003F077F /* staticLib */ = {
			isa = PBXGroup;
			children = (
				84DDFCF31C755283003F077F /* libsqlite3.0.tbd */,
			);
			name = staticLib;
			path = ../../..;
			sourceTree = "<group>";
		};
		84DDFDA01C75C039003F077F /* Libraries */ = {
			isa = PBXGroup;
			children = (
				84DDFDA11C75C039003F077F /* ThirdLib */,
			);
			name = Libraries;
			path = KeepAccounts/Libraries;
			sourceTree = "<group>";
		};
		84DDFDA11C75C039003F077F /* ThirdLib */ = {
			isa = PBXGroup;
			children = (
				84B7228B1C7E94B4009F436B /* RESideMenu */,
				84DDFCF51C7553F7003F077F /* staticLib */,
				84DDFDA21C75C039003F077F /* fmdb */,
			);
			path = ThirdLib;
			sourceTree = "<group>";
		};
		84DDFDA21C75C039003F077F /* fmdb */ = {
			isa = PBXGroup;
			children = (
				84DD0AEC1C770C1800661F52 /* FMDatabaseAdditionsVariadic.swift */,
				84DDFDA31C75C039003F077F /* FMDatabase.h */,
				84DDFDA41C75C039003F077F /* FMDatabase.m */,
				84DDFDA51C75C039003F077F /* FMDatabaseAdditions.h */,
				84DDFDA61C75C039003F077F /* FMDatabaseAdditions.m */,
				84DDFDA71C75C039003F077F /* FMDatabasePool.h */,
				84DDFDA81C75C039003F077F /* FMDatabasePool.m */,
				84DDFDA91C75C039003F077F /* FMDatabaseQueue.h */,
				84DDFDAA1C75C039003F077F /* FMDatabaseQueue.m */,
				84DDFDAB1C75C039003F077F /* FMDB.h */,
				84DDFDAC1C75C039003F077F /* FMResultSet.h */,
				84DDFDAD1C75C039003F077F /* FMResultSet.m */,
				84DDFDAE1C75C039003F077F /* Info.plist */,
			);
			path = fmdb;
			sourceTree = "<group>";
		};
		84DECEFE1C8EB9E500B80975 /* TypeBtnDB */ = {
			isa = PBXGroup;
			children = (
				84DECEFF1C8EB9E500B80975 /* TypeBtnDB.swift */,
			);
			path = TypeBtnDB;
			sourceTree = "<group>";
		};
		84E4110A1C72A47700C4260E = {
			isa = PBXGroup;
			children = (
				84DDFDA01C75C039003F077F /* Libraries */,
				84E411151C72A47700C4260E /* KeepAccounts */,
				84E4112A1C72A47700C4260E /* KeepAccountsTests */,
				84E411351C72A47700C4260E /* KeepAccountsUITests */,
				84E411141C72A47700C4260E /* Products */,
			);
			sourceTree = "<group>";
		};
		84E411141C72A47700C4260E /* Products */ = {
			isa = PBXGroup;
			children = (
				84E411131C72A47700C4260E /* KeepAccounts.app */,
				84E411271C72A47700C4260E /* KeepAccountsTests.xctest */,
				84E411321C72A47700C4260E /* KeepAccountsUITests.xctest */,
			);
			name = Products;
			sourceTree = "<group>";
		};
		84E411151C72A47700C4260E /* KeepAccounts */ = {
			isa = PBXGroup;
			children = (
				C4F8E49E1C8BBFFA003C6A89 /* Utility */,
				84DC44371C75C2B00054E632 /* Support File */,
				84DDF9D41C754D83003F077F /* KAMainController */,
				84E4111D1C72A47700C4260E /* Assets.xcassets */,
			);
			path = KeepAccounts;
			sourceTree = "<group>";
		};
		84E4112A1C72A47700C4260E /* KeepAccountsTests */ = {
			isa = PBXGroup;
			children = (
				84E4112B1C72A47700C4260E /* KeepAccountsTests.swift */,
				84E4112D1C72A47700C4260E /* Info.plist */,
			);
			path = KeepAccountsTests;
			sourceTree = "<group>";
		};
		84E411351C72A47700C4260E /* KeepAccountsUITests */ = {
			isa = PBXGroup;
			children = (
				84E411361C72A47700C4260E /* KeepAccountsUITests.swift */,
				84E411381C72A47700C4260E /* Info.plist */,
			);
			path = KeepAccountsUITests;
			sourceTree = "<group>";
		};
		84E489841C9F994E0024502E /* UIView+Extension */ = {
			isa = PBXGroup;
			children = (
				84E489851C9F99610024502E /* UIView+Extension.swift */,
			);
			path = "UIView+Extension";
			sourceTree = "<group>";
		};
		84E579891C917BE90007295B /* SingleAccount */ = {
			isa = PBXGroup;
			children = (
				84E5798A1C917BE90007295B /* Controller */,
				84E5798D1C917BE90007295B /* View */,
				84E612621C925FFA00021495 /* Model */,
			);
			path = SingleAccount;
			sourceTree = "<group>";
		};
		84E5798A1C917BE90007295B /* Controller */ = {
			isa = PBXGroup;
			children = (
				84E5798B1C917BE90007295B /* SingleAccountVC.swift */,
			);
			path = Controller;
			sourceTree = "<group>";
		};
		84E5798D1C917BE90007295B /* View */ = {
			isa = PBXGroup;
			children = (
				84E579911C917CAA0007295B /* Cell */,
				84E5798E1C917BE90007295B /* SingleAccountView.swift */,
			);
			path = View;
			sourceTree = "<group>";
		};
		84E579911C917CAA0007295B /* Cell */ = {
			isa = PBXGroup;
			children = (
				84E579921C917D8C0007295B /* AccountCell.swift */,
				84E579931C917D8C0007295B /* AccountCell.xib */,
				84E6125E1C9249A500021495 /* IncomeAccountCell.swift */,
				84E6125F1C9249A500021495 /* IncomeAccountCell.xib */,
			);
			path = Cell;
			sourceTree = "<group>";
		};
		84E5B1E51C979BD100BBE173 /* LimitInputVC */ = {
			isa = PBXGroup;
			children = (
				84E5B1E61C979BD100BBE173 /* Controller */,
				84E5B1E71C979BD100BBE173 /* View */,
			);
			path = LimitInputVC;
			sourceTree = "<group>";
		};
		84E5B1E61C979BD100BBE173 /* Controller */ = {
			isa = PBXGroup;
			children = (
				84E5B1E81C979BE300BBE173 /* LimitInputVC.swift */,
			);
			path = Controller;
			sourceTree = "<group>";
		};
		84E5B1E71C979BD100BBE173 /* View */ = {
			isa = PBXGroup;
			children = (
				84E5B1EA1C979CC600BBE173 /* LimitInputView.swift */,
			);
			path = View;
			sourceTree = "<group>";
		};
		84E612621C925FFA00021495 /* Model */ = {
			isa = PBXGroup;
			children = (
				84E612631C926A1700021495 /* AccountDataSource.swift */,
			);
			path = Model;
			sourceTree = "<group>";
		};
		84FFE8081C97E61800A0CAAB /* String+Extension */ = {
			isa = PBXGroup;
			children = (
				84FFE8091C97E62C00A0CAAB /* String+Extension.swift */,
			);
			path = "String+Extension";
			sourceTree = "<group>";
		};
		C417E5781C8B276F007875EF /* CostList */ = {
			isa = PBXGroup;
			children = (
				C417E57E1C8B276F007875EF /* View */,
				C417E5791C8B276F007875EF /* Controller */,
				C417E57B1C8B276F007875EF /* Model */,
			);
			path = CostList;
			sourceTree = "<group>";
		};
		C417E5791C8B276F007875EF /* Controller */ = {
			isa = PBXGroup;
			children = (
				C417E57A1C8B276F007875EF /* ChooseItemVC.swift */,
			);
			path = Controller;
			sourceTree = "<group>";
		};
		C417E57B1C8B276F007875EF /* Model */ = {
			isa = PBXGroup;
			children = (
				84DECEFE1C8EB9E500B80975 /* TypeBtnDB */,
				C4F8E49B1C8BBD30003C6A89 /* btnModel.swift */,
			);
			path = Model;
			sourceTree = "<group>";
		};
		C417E57E1C8B276F007875EF /* View */ = {
			isa = PBXGroup;
			children = (
				C417E57F1C8B276F007875EF /* ComputeBoardView.swift */,
				C417E5801C8B276F007875EF /* CostBarView.swift */,
				C417E5811C8B276F007875EF /* ItemBarView.swift */,
				C417E5821C8B276F007875EF /* TopBarView.swift */,
				84CA4B501C969C7F009766B9 /* customDatePickerView.swift */,
			);
			path = View;
			sourceTree = "<group>";
		};
		C498AC061C8F1183007286EE /* MainViewController */ = {
			isa = PBXGroup;
			children = (
				C498AC071C8F1183007286EE /* MainView.swift */,
				C498AC081C8F1183007286EE /* MainViewController.swift */,
			);
			path = MainViewController;
			sourceTree = "<group>";
		};
		C4F8E49E1C8BBFFA003C6A89 /* Utility */ = {
			isa = PBXGroup;
			children = (
				84E489841C9F994E0024502E /* UIView+Extension */,
				849EC16A1C99554F0046D53F /* UIImage+Extension */,
				84FFE8081C97E61800A0CAAB /* String+Extension */,
				84DC5B0C1C96550500D80529 /* DateManager */,
				C4F8E49F1C8BBFFA003C6A89 /* FileManager */,
			);
			path = Utility;
			sourceTree = "<group>";
		};
		C4F8E49F1C8BBFFA003C6A89 /* FileManager */ = {
			isa = PBXGroup;
			children = (
				C4F8E4A01C8BC166003C6A89 /* NSString+Path.swift */,
			);
			path = FileManager;
			sourceTree = "<group>";
		};
		C4F8E4B41C8C12F9003C6A89 /* AccountModel */ = {
			isa = PBXGroup;
			children = (
				C4F8E4B51C8C1345003C6A89 /* AccountDB.swift */,
			);
			path = AccountModel;
			sourceTree = "<group>";
		};
/* End PBXGroup section */

/* Begin PBXNativeTarget section */
		84E411121C72A47700C4260E /* KeepAccounts */ = {
			isa = PBXNativeTarget;
			buildConfigurationList = 84E4113B1C72A47700C4260E /* Build configuration list for PBXNativeTarget "KeepAccounts" */;
			buildPhases = (
				84E4110F1C72A47700C4260E /* Sources */,
				84E411101C72A47700C4260E /* Frameworks */,
				84E411111C72A47700C4260E /* Resources */,
			);
			buildRules = (
			);
			dependencies = (
			);
			name = KeepAccounts;
			productName = KeepAccounts;
			productReference = 84E411131C72A47700C4260E /* KeepAccounts.app */;
			productType = "com.apple.product-type.application";
		};
		84E411261C72A47700C4260E /* KeepAccountsTests */ = {
			isa = PBXNativeTarget;
			buildConfigurationList = 84E4113E1C72A47700C4260E /* Build configuration list for PBXNativeTarget "KeepAccountsTests" */;
			buildPhases = (
				84E411231C72A47700C4260E /* Sources */,
				84E411241C72A47700C4260E /* Frameworks */,
				84E411251C72A47700C4260E /* Resources */,
			);
			buildRules = (
			);
			dependencies = (
				84E411291C72A47700C4260E /* PBXTargetDependency */,
			);
			name = KeepAccountsTests;
			productName = KeepAccountsTests;
			productReference = 84E411271C72A47700C4260E /* KeepAccountsTests.xctest */;
			productType = "com.apple.product-type.bundle.unit-test";
		};
		84E411311C72A47700C4260E /* KeepAccountsUITests */ = {
			isa = PBXNativeTarget;
			buildConfigurationList = 84E411411C72A47700C4260E /* Build configuration list for PBXNativeTarget "KeepAccountsUITests" */;
			buildPhases = (
				84E4112E1C72A47700C4260E /* Sources */,
				84E4112F1C72A47700C4260E /* Frameworks */,
				84E411301C72A47700C4260E /* Resources */,
			);
			buildRules = (
			);
			dependencies = (
				84E411341C72A47700C4260E /* PBXTargetDependency */,
			);
			name = KeepAccountsUITests;
			productName = KeepAccountsUITests;
			productReference = 84E411321C72A47700C4260E /* KeepAccountsUITests.xctest */;
			productType = "com.apple.product-type.bundle.ui-testing";
		};
/* End PBXNativeTarget section */

/* Begin PBXProject section */
		84E4110B1C72A47700C4260E /* Project object */ = {
			isa = PBXProject;
			attributes = {
				LastUpgradeCheck = 0700;
				ORGANIZATIONNAME = jerry;
				TargetAttributes = {
					84E411121C72A47700C4260E = {
						CreatedOnToolsVersion = 7.0.1;
						DevelopmentTeam = NAKP7K59VJ;
					};
					84E411261C72A47700C4260E = {
						CreatedOnToolsVersion = 7.0.1;
						DevelopmentTeam = NAKP7K59VJ;
						TestTargetID = 84E411121C72A47700C4260E;
					};
					84E411311C72A47700C4260E = {
						CreatedOnToolsVersion = 7.0.1;
						DevelopmentTeam = NAKP7K59VJ;
						TestTargetID = 84E411121C72A47700C4260E;
					};
				};
			};
			buildConfigurationList = 84E4110E1C72A47700C4260E /* Build configuration list for PBXProject "KeepAccounts" */;
			compatibilityVersion = "Xcode 3.2";
			developmentRegion = English;
			hasScannedForEncodings = 0;
			knownRegions = (
				en,
				Base,
			);
			mainGroup = 84E4110A1C72A47700C4260E;
			productRefGroup = 84E411141C72A47700C4260E /* Products */;
			projectDirPath = "";
			projectRoot = "";
			targets = (
				84E411121C72A47700C4260E /* KeepAccounts */,
				84E411261C72A47700C4260E /* KeepAccountsTests */,
				84E411311C72A47700C4260E /* KeepAccountsUITests */,
			);
		};
/* End PBXProject section */

/* Begin PBXResourcesBuildPhase section */
		84E411111C72A47700C4260E /* Resources */ = {
			isa = PBXResourcesBuildPhase;
			buildActionMask = 2147483647;
			files = (
				84E411211C72A47700C4260E /* LaunchScreen.storyboard in Resources */,
				84E579951C917D8C0007295B /* AccountCell.xib in Resources */,
				84E612611C9249A500021495 /* IncomeAccountCell.xib in Resources */,
				84E4111E1C72A47700C4260E /* Assets.xcassets in Resources */,
				84DDFDB41C75C039003F077F /* Info.plist in Resources */,
			);
			runOnlyForDeploymentPostprocessing = 0;
		};
		84E411251C72A47700C4260E /* Resources */ = {
			isa = PBXResourcesBuildPhase;
			buildActionMask = 2147483647;
			files = (
			);
			runOnlyForDeploymentPostprocessing = 0;
		};
		84E411301C72A47700C4260E /* Resources */ = {
			isa = PBXResourcesBuildPhase;
			buildActionMask = 2147483647;
			files = (
			);
			runOnlyForDeploymentPostprocessing = 0;
		};
/* End PBXResourcesBuildPhase section */

/* Begin PBXSourcesBuildPhase section */
		84E4110F1C72A47700C4260E /* Sources */ = {
			isa = PBXSourcesBuildPhase;
			buildActionMask = 2147483647;
			files = (
				84E489861C9F99610024502E /* UIView+Extension.swift in Sources */,
				84B722921C7E94B4009F436B /* RECommonFunctions.m in Sources */,
				C498AC0A1C8F1183007286EE /* MainViewController.swift in Sources */,
				C4F8E4B61C8C1345003C6A89 /* AccountDB.swift in Sources */,
				84E5B1EB1C979CC600BBE173 /* LimitInputView.swift in Sources */,
				84DDFDAF1C75C039003F077F /* FMDatabase.m in Sources */,
				84E5798F1C917BE90007295B /* SingleAccountVC.swift in Sources */,
				84DDFDB11C75C039003F077F /* FMDatabasePool.m in Sources */,
				84FFE80A1C97E62C00A0CAAB /* String+Extension.swift in Sources */,
				84DDFDB21C75C039003F077F /* FMDatabaseQueue.m in Sources */,
				C417E5871C8B276F007875EF /* TopBarView.swift in Sources */,
				84E5B1E91C979BE300BBE173 /* LimitInputVC.swift in Sources */,
				84E612641C926A1700021495 /* AccountDataSource.swift in Sources */,
				84E411171C72A47700C4260E /* AppDelegate.swift in Sources */,
				C498AC091C8F1183007286EE /* MainView.swift in Sources */,
				84CA4B511C969C7F009766B9 /* customDatePickerView.swift in Sources */,
				C417E5841C8B276F007875EF /* ComputeBoardView.swift in Sources */,
				84DC5B0E1C96554F00D80529 /* NSDate+Extension.swift in Sources */,
				C4F8E49C1C8BBD30003C6A89 /* btnModel.swift in Sources */,
				C417E5831C8B276F007875EF /* ChooseItemVC.swift in Sources */,
				84DECF001C8EB9E500B80975 /* TypeBtnDB.swift in Sources */,
				84DD0AED1C770C1800661F52 /* FMDatabaseAdditionsVariadic.swift in Sources */,
				84DDFDB31C75C039003F077F /* FMResultSet.m in Sources */,
				84B722931C7E94B4009F436B /* RESideMenu.m in Sources */,
				84E579941C917D8C0007295B /* AccountCell.swift in Sources */,
				C417E5861C8B276F007875EF /* ItemBarView.swift in Sources */,
				C4F8E4A11C8BC166003C6A89 /* NSString+Path.swift in Sources */,
				84E612601C9249A500021495 /* IncomeAccountCell.swift in Sources */,
				849EC16C1C9955640046D53F /* UIImage+Extension.swift in Sources */,
				84E579901C917BE90007295B /* SingleAccountView.swift in Sources */,
				84B722941C7E94B4009F436B /* UIViewController+RESideMenu.m in Sources */,
				84DDFDB01C75C039003F077F /* FMDatabaseAdditions.m in Sources */,
				C417E5851C8B276F007875EF /* CostBarView.swift in Sources */,
			);
			runOnlyForDeploymentPostprocessing = 0;
		};
		84E411231C72A47700C4260E /* Sources */ = {
			isa = PBXSourcesBuildPhase;
			buildActionMask = 2147483647;
			files = (
				84E4112C1C72A47700C4260E /* KeepAccountsTests.swift in Sources */,
			);
			runOnlyForDeploymentPostprocessing = 0;
		};
		84E4112E1C72A47700C4260E /* Sources */ = {
			isa = PBXSourcesBuildPhase;
			buildActionMask = 2147483647;
			files = (
				84E411371C72A47700C4260E /* KeepAccountsUITests.swift in Sources */,
			);
			runOnlyForDeploymentPostprocessing = 0;
		};
/* End PBXSourcesBuildPhase section */

/* Begin PBXTargetDependency section */
		84E411291C72A47700C4260E /* PBXTargetDependency */ = {
			isa = PBXTargetDependency;
			target = 84E411121C72A47700C4260E /* KeepAccounts */;
			targetProxy = 84E411281C72A47700C4260E /* PBXContainerItemProxy */;
		};
		84E411341C72A47700C4260E /* PBXTargetDependency */ = {
			isa = PBXTargetDependency;
			target = 84E411121C72A47700C4260E /* KeepAccounts */;
			targetProxy = 84E411331C72A47700C4260E /* PBXContainerItemProxy */;
		};
/* End PBXTargetDependency section */

/* Begin PBXVariantGroup section */
		84E4111F1C72A47700C4260E /* LaunchScreen.storyboard */ = {
			isa = PBXVariantGroup;
			children = (
				84E411201C72A47700C4260E /* Base */,
			);
			name = LaunchScreen.storyboard;
			sourceTree = "<group>";
		};
/* End PBXVariantGroup section */

/* Begin XCBuildConfiguration section */
		84E411391C72A47700C4260E /* Debug */ = {
			isa = XCBuildConfiguration;
			buildSettings = {
				ALWAYS_SEARCH_USER_PATHS = NO;
				CLANG_CXX_LANGUAGE_STANDARD = "gnu++0x";
				CLANG_CXX_LIBRARY = "libc++";
				CLANG_ENABLE_MODULES = YES;
				CLANG_ENABLE_OBJC_ARC = YES;
				CLANG_WARN_BOOL_CONVERSION = YES;
				CLANG_WARN_CONSTANT_CONVERSION = YES;
				CLANG_WARN_DIRECT_OBJC_ISA_USAGE = YES_ERROR;
				CLANG_WARN_EMPTY_BODY = YES;
				CLANG_WARN_ENUM_CONVERSION = YES;
				CLANG_WARN_INT_CONVERSION = YES;
				CLANG_WARN_OBJC_ROOT_CLASS = YES_ERROR;
				CLANG_WARN_UNREACHABLE_CODE = YES;
				CLANG_WARN__DUPLICATE_METHOD_MATCH = YES;
				"CODE_SIGN_IDENTITY[sdk=iphoneos*]" = "iPhone Developer";
				COPY_PHASE_STRIP = NO;
				DEBUG_INFORMATION_FORMAT = dwarf;
				ENABLE_STRICT_OBJC_MSGSEND = YES;
				ENABLE_TESTABILITY = YES;
				GCC_C_LANGUAGE_STANDARD = gnu99;
				GCC_DYNAMIC_NO_PIC = NO;
				GCC_NO_COMMON_BLOCKS = YES;
				GCC_OPTIMIZATION_LEVEL = 0;
				GCC_PREPROCESSOR_DEFINITIONS = (
					"DEBUG=1",
					"$(inherited)",
				);
				GCC_WARN_64_TO_32_BIT_CONVERSION = YES;
				GCC_WARN_ABOUT_RETURN_TYPE = YES_ERROR;
				GCC_WARN_UNDECLARED_SELECTOR = YES;
				GCC_WARN_UNINITIALIZED_AUTOS = YES_AGGRESSIVE;
				GCC_WARN_UNUSED_FUNCTION = YES;
				GCC_WARN_UNUSED_VARIABLE = YES;
				IPHONEOS_DEPLOYMENT_TARGET = 9.0;
				MTL_ENABLE_DEBUG_INFO = YES;
				ONLY_ACTIVE_ARCH = YES;
				SDKROOT = iphoneos;
				SWIFT_OPTIMIZATION_LEVEL = "-Onone";
			};
			name = Debug;
		};
		84E4113A1C72A47700C4260E /* Release */ = {
			isa = XCBuildConfiguration;
			buildSettings = {
				ALWAYS_SEARCH_USER_PATHS = NO;
				CLANG_CXX_LANGUAGE_STANDARD = "gnu++0x";
				CLANG_CXX_LIBRARY = "libc++";
				CLANG_ENABLE_MODULES = YES;
				CLANG_ENABLE_OBJC_ARC = YES;
				CLANG_WARN_BOOL_CONVERSION = YES;
				CLANG_WARN_CONSTANT_CONVERSION = YES;
				CLANG_WARN_DIRECT_OBJC_ISA_USAGE = YES_ERROR;
				CLANG_WARN_EMPTY_BODY = YES;
				CLANG_WARN_ENUM_CONVERSION = YES;
				CLANG_WARN_INT_CONVERSION = YES;
				CLANG_WARN_OBJC_ROOT_CLASS = YES_ERROR;
				CLANG_WARN_UNREACHABLE_CODE = YES;
				CLANG_WARN__DUPLICATE_METHOD_MATCH = YES;
				"CODE_SIGN_IDENTITY[sdk=iphoneos*]" = "iPhone Developer";
				COPY_PHASE_STRIP = NO;
				DEBUG_INFORMATION_FORMAT = "dwarf-with-dsym";
				ENABLE_NS_ASSERTIONS = NO;
				ENABLE_STRICT_OBJC_MSGSEND = YES;
				GCC_C_LANGUAGE_STANDARD = gnu99;
				GCC_NO_COMMON_BLOCKS = YES;
				GCC_WARN_64_TO_32_BIT_CONVERSION = YES;
				GCC_WARN_ABOUT_RETURN_TYPE = YES_ERROR;
				GCC_WARN_UNDECLARED_SELECTOR = YES;
				GCC_WARN_UNINITIALIZED_AUTOS = YES_AGGRESSIVE;
				GCC_WARN_UNUSED_FUNCTION = YES;
				GCC_WARN_UNUSED_VARIABLE = YES;
				IPHONEOS_DEPLOYMENT_TARGET = 9.0;
				MTL_ENABLE_DEBUG_INFO = NO;
				SDKROOT = iphoneos;
				VALIDATE_PRODUCT = YES;
			};
			name = Release;
		};
		84E4113C1C72A47700C4260E /* Debug */ = {
			isa = XCBuildConfiguration;
			buildSettings = {
				ASSETCATALOG_COMPILER_APPICON_NAME = AppIcon;
				FRAMEWORK_SEARCH_PATHS = "$(inherited)";
				INFOPLIST_FILE = KeepAccounts/Info.plist;
				IPHONEOS_DEPLOYMENT_TARGET = 8.0;
				LD_RUNPATH_SEARCH_PATHS = "$(inherited) @executable_path/Frameworks";
				PRODUCT_BUNDLE_IDENTIFIER = jerry.com.KeepAccounts;
				PRODUCT_NAME = "$(TARGET_NAME)";
				SWIFT_OBJC_BRIDGING_HEADER = "KeepAccounts/KeepAccounts-Bridging-Header.h";
			};
			name = Debug;
		};
		84E4113D1C72A47700C4260E /* Release */ = {
			isa = XCBuildConfiguration;
			buildSettings = {
				ASSETCATALOG_COMPILER_APPICON_NAME = AppIcon;
				FRAMEWORK_SEARCH_PATHS = "$(inherited)";
				INFOPLIST_FILE = KeepAccounts/Info.plist;
				IPHONEOS_DEPLOYMENT_TARGET = 8.0;
				LD_RUNPATH_SEARCH_PATHS = "$(inherited) @executable_path/Frameworks";
				PRODUCT_BUNDLE_IDENTIFIER = jerry.com.KeepAccounts;
				PRODUCT_NAME = "$(TARGET_NAME)";
				SWIFT_OBJC_BRIDGING_HEADER = "KeepAccounts/KeepAccounts-Bridging-Header.h";
			};
			name = Release;
		};
		84E4113F1C72A47700C4260E /* Debug */ = {
			isa = XCBuildConfiguration;
			buildSettings = {
				BUNDLE_LOADER = "$(TEST_HOST)";
				INFOPLIST_FILE = KeepAccountsTests/Info.plist;
				LD_RUNPATH_SEARCH_PATHS = "$(inherited) @executable_path/Frameworks @loader_path/Frameworks";
				PRODUCT_BUNDLE_IDENTIFIER = jerry.com.KeepAccountsTests;
				PRODUCT_NAME = "$(TARGET_NAME)";
				TEST_HOST = "$(BUILT_PRODUCTS_DIR)/KeepAccounts.app/KeepAccounts";
			};
			name = Debug;
		};
		84E411401C72A47700C4260E /* Release */ = {
			isa = XCBuildConfiguration;
			buildSettings = {
				BUNDLE_LOADER = "$(TEST_HOST)";
				INFOPLIST_FILE = KeepAccountsTests/Info.plist;
				LD_RUNPATH_SEARCH_PATHS = "$(inherited) @executable_path/Frameworks @loader_path/Frameworks";
				PRODUCT_BUNDLE_IDENTIFIER = jerry.com.KeepAccountsTests;
				PRODUCT_NAME = "$(TARGET_NAME)";
				TEST_HOST = "$(BUILT_PRODUCTS_DIR)/KeepAccounts.app/KeepAccounts";
			};
			name = Release;
		};
		84E411421C72A47700C4260E /* Debug */ = {
			isa = XCBuildConfiguration;
			buildSettings = {
				INFOPLIST_FILE = KeepAccountsUITests/Info.plist;
				LD_RUNPATH_SEARCH_PATHS = "$(inherited) @executable_path/Frameworks @loader_path/Frameworks";
				PRODUCT_BUNDLE_IDENTIFIER = jerry.com.KeepAccountsUITests;
				PRODUCT_NAME = "$(TARGET_NAME)";
				TEST_TARGET_NAME = KeepAccounts;
				USES_XCTRUNNER = YES;
			};
			name = Debug;
		};
		84E411431C72A47700C4260E /* Release */ = {
			isa = XCBuildConfiguration;
			buildSettings = {
				INFOPLIST_FILE = KeepAccountsUITests/Info.plist;
				LD_RUNPATH_SEARCH_PATHS = "$(inherited) @executable_path/Frameworks @loader_path/Frameworks";
				PRODUCT_BUNDLE_IDENTIFIER = jerry.com.KeepAccountsUITests;
				PRODUCT_NAME = "$(TARGET_NAME)";
				TEST_TARGET_NAME = KeepAccounts;
				USES_XCTRUNNER = YES;
			};
			name = Release;
		};
/* End XCBuildConfiguration section */

/* Begin XCConfigurationList section */
		84E4110E1C72A47700C4260E /* Build configuration list for PBXProject "KeepAccounts" */ = {
			isa = XCConfigurationList;
			buildConfigurations = (
				84E411391C72A47700C4260E /* Debug */,
				84E4113A1C72A47700C4260E /* Release */,
			);
			defaultConfigurationIsVisible = 0;
			defaultConfigurationName = Release;
		};
		84E4113B1C72A47700C4260E /* Build configuration list for PBXNativeTarget "KeepAccounts" */ = {
			isa = XCConfigurationList;
			buildConfigurations = (
				84E4113C1C72A47700C4260E /* Debug */,
				84E4113D1C72A47700C4260E /* Release */,
			);
			defaultConfigurationIsVisible = 0;
			defaultConfigurationName = Release;
		};
		84E4113E1C72A47700C4260E /* Build configuration list for PBXNativeTarget "KeepAccountsTests" */ = {
			isa = XCConfigurationList;
			buildConfigurations = (
				84E4113F1C72A47700C4260E /* Debug */,
				84E411401C72A47700C4260E /* Release */,
			);
			defaultConfigurationIsVisible = 0;
			defaultConfigurationName = Release;
		};
		84E411411C72A47700C4260E /* Build configuration list for PBXNativeTarget "KeepAccountsUITests" */ = {
			isa = XCConfigurationList;
			buildConfigurations = (
				84E411421C72A47700C4260E /* Debug */,
				84E411431C72A47700C4260E /* Release */,
			);
			defaultConfigurationIsVisible = 0;
			defaultConfigurationName = Release;
		};
/* End XCConfigurationList section */
	};
	rootObject = 84E4110B1C72A47700C4260E /* Project object */;
}
